
Microsoft Visual Studio Solution File, Format Version 12.00
# Visual Studio Version 17
VisualStudioVersion = 17.4.33205.214
MinimumVisualStudioVersion = 10.0.40219.1
Project("{FAE04EC0-301F-11D3-BF4B-00C04F79EFBC}") = "LobotomyBaseGUI", "LobotomyBaseGUI.csproj", "{38CE5FA7-596F-49AB-9435-E1058DA75163}"
EndProject
Global
	GlobalSection(SolutionConfigurationPlatforms) = preSolution
		Debug|Any CPU = Debug|Any CPU
		Release|Any CPU = Release|Any CPU
	EndGlobalSection
	GlobalSection(ProjectConfigurationPlatforms) = postSolution
		{38CE5FA7-596F-49AB-9435-E1058DA75163}.Debug|Any CPU.ActiveCfg = Debug|Any CPU
		{38CE5FA7-596F-49AB-9435-E1058DA75163}.Debug|Any CPU.Build.0 = Debug|Any CPU
		{38CE5FA7-596F-49AB-9435-E1058DA75163}.Release|Any CPU.ActiveCfg = Release|Any CPU
		{38CE5FA7-596F-49AB-9435-E1058DA75163}.Release|Any CPU.Build.0 = Release|Any CPU
	EndGlobalSection
	GlobalSection(SolutionProperties) = preSolution
		HideSolutionNode = FALSE
	EndGlobalSection
	GlobalSection(ExtensibilityGlobals) = postSolution
		SolutionGuid = {1A658333-A210-4D6C-AB5C-2459C73DBE90}
	EndGlobalSection
EndGlobal
